
Microsoft Visual Studio Solution File, Format Version 12.00
# Visual Studio Version 17
VisualStudioVersion = 17.14.37012.4 d17.14
MinimumVisualStudioVersion = 10.0.40219.1
Project("{FAE04EC0-301F-11D3-BF4B-00C04F79EFBC}") = "VeterinerKilinigi.UI", "VeterinerKilinigi.UI\VeterinerKilinigi.UI.csproj", "{62127C69-2F6B-4181-B6CC-E34F670F01BA}"
EndProject
Project("{FAE04EC0-301F-11D3-BF4B-00C04F79EFBC}") = "VeterinerKlinigi.Entities", "VeterinerKlinigi.Entities\VeterinerKlinigi.Entities.csproj", "{58E50A48-EBF8-4082-8ACC-6E367DC37887}"
EndProject
Project("{FAE04EC0-301F-11D3-BF4B-00C04F79EFBC}") = "VeterinerKlinigi.DataAccess", "VeterinerKlinigi.DataAccess\VeterinerKlinigi.DataAccess.csproj", "{FC27CF56-67B5-45C0-A344-2B129A29B9CC}"
EndProject
Global
	GlobalSection(SolutionConfigurationPlatforms) = preSolution
		Debug|Any CPU = Debug|Any CPU
		Release|Any CPU = Release|Any CPU
	EndGlobalSection
	GlobalSection(ProjectConfigurationPlatforms) = postSolution
		{62127C69-2F6B-4181-B6CC-E34F670F01BA}.Debug|Any CPU.ActiveCfg = Debug|Any CPU
		{62127C69-2F6B-4181-B6CC-E34F670F01BA}.Debug|Any CPU.Build.0 = Debug|Any CPU
		{62127C69-2F6B-4181-B6CC-E34F670F01BA}.Release|Any CPU.ActiveCfg = Release|Any CPU
		{62127C69-2F6B-4181-B6CC-E34F670F01BA}.Release|Any CPU.Build.0 = Release|Any CPU
		{58E50A48-EBF8-4082-8ACC-6E367DC37887}.Debug|Any CPU.ActiveCfg = Debug|Any CPU
		{58E50A48-EBF8-4082-8ACC-6E367DC37887}.Debug|Any CPU.Build.0 = Debug|Any CPU
		{58E50A48-EBF8-4082-8ACC-6E367DC37887}.Release|Any CPU.ActiveCfg = Release|Any CPU
		{58E50A48-EBF8-4082-8ACC-6E367DC37887}.Release|Any CPU.Build.0 = Release|Any CPU
		{FC27CF56-67B5-45C0-A344-2B129A29B9CC}.Debug|Any CPU.ActiveCfg = Debug|Any CPU
		{FC27CF56-67B5-45C0-A344-2B129A29B9CC}.Debug|Any CPU.Build.0 = Debug|Any CPU
		{FC27CF56-67B5-45C0-A344-2B129A29B9CC}.Release|Any CPU.ActiveCfg = Release|Any CPU
		{FC27CF56-67B5-45C0-A344-2B129A29B9CC}.Release|Any CPU.Build.0 = Release|Any CPU
	EndGlobalSection
	GlobalSection(SolutionProperties) = preSolution
		HideSolutionNode = FALSE
	EndGlobalSection
	GlobalSection(ExtensibilityGlobals) = postSolution
		SolutionGuid = {3D55149A-9AB9-4C8B-B70A-FECECC667C63}
	EndGlobalSection
EndGlobal
